
Microsoft Visual Studio Solution File, Format Version 12.00
# Visual Studio Version 17
VisualStudioVersion = 17.4.33213.308
MinimumVisualStudioVersion = 10.0.40219.1
Project("{9A19103F-16F7-4668-BE54-9A1E7A4F7556}") = "Xamarin.Controls.ImageCropper", "Xamarin.Controls.ImageCropper\Xamarin.Controls.ImageCropper.csproj", "{761997C0-AA8E-4CC2-98E2-85ED1874B374}"
EndProject
Project("{2150E333-8FDC-42A3-9474-1A3956D46DE8}") = "Demo", "Demo", "{33991E36-1BD8-4D04-95FD-B384C8EA0949}"
EndProject
Project("{9A19103F-16F7-4668-BE54-9A1E7A4F7556}") = "ImageCropper.Demo.Droid", "ImageCropper.Demo.Droid\ImageCropper.Demo.Droid.csproj", "{3AC27DB6-E093-44A3-A211-9DB045A0099F}"
EndProject
Project("{9A19103F-16F7-4668-BE54-9A1E7A4F7556}") = "Plugin.Maui.ImageCropper", "Plugin.Maui.ImageCropper\Plugin.Maui.ImageCropper.csproj", "{35D08BE5-FB0E-4FC2-B415-A51FB3538EDE}"
EndProject
Project("{FAE04EC0-301F-11D3-BF4B-00C04F79EFBC}") = "ImageCropper.Demo.Maui", "ImageCropper.Demo.Maui\ImageCropper.Demo.Maui.csproj", "{4C3136E2-FC58-4B11-9247-54AD1B0BFC8F}"
EndProject
Global
	GlobalSection(SolutionConfigurationPlatforms) = preSolution
		Debug|Any CPU = Debug|Any CPU
		Release|Any CPU = Release|Any CPU
	EndGlobalSection
	GlobalSection(ProjectConfigurationPlatforms) = postSolution
		{761997C0-AA8E-4CC2-98E2-85ED1874B374}.Debug|Any CPU.ActiveCfg = Debug|Any CPU
		{761997C0-AA8E-4CC2-98E2-85ED1874B374}.Debug|Any CPU.Build.0 = Debug|Any CPU
		{761997C0-AA8E-4CC2-98E2-85ED1874B374}.Release|Any CPU.ActiveCfg = Release|Any CPU
		{761997C0-AA8E-4CC2-98E2-85ED1874B374}.Release|Any CPU.Build.0 = Release|Any CPU
		{3AC27DB6-E093-44A3-A211-9DB045A0099F}.Debug|Any CPU.ActiveCfg = Debug|Any CPU
		{3AC27DB6-E093-44A3-A211-9DB045A0099F}.Debug|Any CPU.Build.0 = Debug|Any CPU
		{3AC27DB6-E093-44A3-A211-9DB045A0099F}.Debug|Any CPU.Deploy.0 = Debug|Any CPU
		{3AC27DB6-E093-44A3-A211-9DB045A0099F}.Release|Any CPU.ActiveCfg = Release|Any CPU
		{3AC27DB6-E093-44A3-A211-9DB045A0099F}.Release|Any CPU.Build.0 = Release|Any CPU
		{3AC27DB6-E093-44A3-A211-9DB045A0099F}.Release|Any CPU.Deploy.0 = Release|Any CPU
		{35D08BE5-FB0E-4FC2-B415-A51FB3538EDE}.Debug|Any CPU.ActiveCfg = Debug|Any CPU
		{35D08BE5-FB0E-4FC2-B415-A51FB3538EDE}.Debug|Any CPU.Build.0 = Debug|Any CPU
		{35D08BE5-FB0E-4FC2-B415-A51FB3538EDE}.Release|Any CPU.ActiveCfg = Release|Any CPU
		{35D08BE5-FB0E-4FC2-B415-A51FB3538EDE}.Release|Any CPU.Build.0 = Release|Any CPU
		{4C3136E2-FC58-4B11-9247-54AD1B0BFC8F}.Debug|Any CPU.ActiveCfg = Debug|Any CPU
		{4C3136E2-FC58-4B11-9247-54AD1B0BFC8F}.Debug|Any CPU.Build.0 = Debug|Any CPU
		{4C3136E2-FC58-4B11-9247-54AD1B0BFC8F}.Debug|Any CPU.Deploy.0 = Debug|Any CPU
		{4C3136E2-FC58-4B11-9247-54AD1B0BFC8F}.Release|Any CPU.ActiveCfg = Release|Any CPU
		{4C3136E2-FC58-4B11-9247-54AD1B0BFC8F}.Release|Any CPU.Build.0 = Release|Any CPU
		{4C3136E2-FC58-4B11-9247-54AD1B0BFC8F}.Release|Any CPU.Deploy.0 = Release|Any CPU
	EndGlobalSection
	GlobalSection(SolutionProperties) = preSolution
		HideSolutionNode = FALSE
	EndGlobalSection
	GlobalSection(NestedProjects) = preSolution
		{3AC27DB6-E093-44A3-A211-9DB045A0099F} = {33991E36-1BD8-4D04-95FD-B384C8EA0949}
		{4C3136E2-FC58-4B11-9247-54AD1B0BFC8F} = {33991E36-1BD8-4D04-95FD-B384C8EA0949}
	EndGlobalSection
	GlobalSection(ExtensibilityGlobals) = postSolution
		SolutionGuid = {13554C36-CB70-43EC-BE16-A5E78FB71A69}
	EndGlobalSection
EndGlobal
